
Microsoft Visual Studio Solution File, Format Version 12.00
# Visual Studio Version 17
VisualStudioVersion = 17.5.33516.290
MinimumVisualStudioVersion = 10.0.40219.1
Project("{FAE04EC0-301F-11D3-BF4B-00C04F79EFBC}") = "StokTakipProgrami", "StokTakipProgrami\StokTakipProgrami.csproj", "{33CA0AC3-49A3-4F8C-B169-E985A8E70280}"
EndProject
Global
	GlobalSection(SolutionConfigurationPlatforms) = preSolution
		Debug|Any CPU = Debug|Any CPU
		Release|Any CPU = Release|Any CPU
	EndGlobalSection
	GlobalSection(ProjectConfigurationPlatforms) = postSolution
		{33CA0AC3-49A3-4F8C-B169-E985A8E70280}.Debug|Any CPU.ActiveCfg = Debug|Any CPU
		{33CA0AC3-49A3-4F8C-B169-E985A8E70280}.Debug|Any CPU.Build.0 = Debug|Any CPU
		{33CA0AC3-49A3-4F8C-B169-E985A8E70280}.Release|Any CPU.ActiveCfg = Release|Any CPU
		{33CA0AC3-49A3-4F8C-B169-E985A8E70280}.Release|Any CPU.Build.0 = Release|Any CPU
	EndGlobalSection
	GlobalSection(SolutionProperties) = preSolution
		HideSolutionNode = FALSE
	EndGlobalSection
	GlobalSection(ExtensibilityGlobals) = postSolution
		SolutionGuid = {230D5544-93AB-4DAF-AB79-0375DF4B3F59}
	EndGlobalSection
EndGlobal
